
Microsoft Visual Studio Solution File, Format Version 12.00
# Visual Studio Version 17
VisualStudioVersion = 17.3.32929.385
MinimumVisualStudioVersion = 10.0.40219.1
Project("{9A19103F-16F7-4668-BE54-9A1E7A4F7556}") = "TaxCalculationAPI", "TaxCalculationAPI\TaxCalculationAPI.csproj", "{5DC4F05B-4EEA-42E7-950B-91C0D8F9FF3F}"
EndProject
Project("{9A19103F-16F7-4668-BE54-9A1E7A4F7556}") = "TaxCalculation.Service", "TaxCalculation.Service\TaxCalculation.Service.csproj", "{D14DA1BF-72B3-455C-A75E-FA2F90C67D2A}"
EndProject
Project("{9A19103F-16F7-4668-BE54-9A1E7A4F7556}") = "TaxCalculation.Repository", "TaxCalculation.Repository\TaxCalculation.Repository.csproj", "{E51C36AD-69FB-455B-A478-8711A2C26E0D}"
EndProject
Project("{9A19103F-16F7-4668-BE54-9A1E7A4F7556}") = "TaxCalculation.Entity", "TaxCalculation.Entity\TaxCalculation.Entity.csproj", "{1531E3E2-D36F-478B-B47F-1F9BB7778586}"
EndProject
Project("{2150E333-8FDC-42A3-9474-1A3956D46DE8}") = "Tests", "Tests", "{8B52FA37-F90E-4126-9FAD-F2F8BDB5CD55}"
EndProject
Project("{FAE04EC0-301F-11D3-BF4B-00C04F79EFBC}") = "TaxCalculation.ServiceTests", "TaxCalculation.ServiceTests\TaxCalculation.ServiceTests.csproj", "{30F5AE61-31C1-4F10-8043-0A4FEE52136F}"
EndProject
Project("{FAE04EC0-301F-11D3-BF4B-00C04F79EFBC}") = "TaxCalculation.ControllerTests", "TaxCalculation.ControllerTests\TaxCalculation.ControllerTests.csproj", "{0A79D590-ED61-4C9D-B792-E8CA993BCD1D}"
EndProject
Global
	GlobalSection(SolutionConfigurationPlatforms) = preSolution
		Debug|Any CPU = Debug|Any CPU
		Release|Any CPU = Release|Any CPU
	EndGlobalSection
	GlobalSection(ProjectConfigurationPlatforms) = postSolution
		{5DC4F05B-4EEA-42E7-950B-91C0D8F9FF3F}.Debug|Any CPU.ActiveCfg = Debug|Any CPU
		{5DC4F05B-4EEA-42E7-950B-91C0D8F9FF3F}.Debug|Any CPU.Build.0 = Debug|Any CPU
		{5DC4F05B-4EEA-42E7-950B-91C0D8F9FF3F}.Release|Any CPU.ActiveCfg = Release|Any CPU
		{5DC4F05B-4EEA-42E7-950B-91C0D8F9FF3F}.Release|Any CPU.Build.0 = Release|Any CPU
		{D14DA1BF-72B3-455C-A75E-FA2F90C67D2A}.Debug|Any CPU.ActiveCfg = Debug|Any CPU
		{D14DA1BF-72B3-455C-A75E-FA2F90C67D2A}.Debug|Any CPU.Build.0 = Debug|Any CPU
		{D14DA1BF-72B3-455C-A75E-FA2F90C67D2A}.Release|Any CPU.ActiveCfg = Release|Any CPU
		{D14DA1BF-72B3-455C-A75E-FA2F90C67D2A}.Release|Any CPU.Build.0 = Release|Any CPU
		{E51C36AD-69FB-455B-A478-8711A2C26E0D}.Debug|Any CPU.ActiveCfg = Debug|Any CPU
		{E51C36AD-69FB-455B-A478-8711A2C26E0D}.Debug|Any CPU.Build.0 = Debug|Any CPU
		{E51C36AD-69FB-455B-A478-8711A2C26E0D}.Release|Any CPU.ActiveCfg = Release|Any CPU
		{E51C36AD-69FB-455B-A478-8711A2C26E0D}.Release|Any CPU.Build.0 = Release|Any CPU
		{1531E3E2-D36F-478B-B47F-1F9BB7778586}.Debug|Any CPU.ActiveCfg = Debug|Any CPU
		{1531E3E2-D36F-478B-B47F-1F9BB7778586}.Debug|Any CPU.Build.0 = Debug|Any CPU
		{1531E3E2-D36F-478B-B47F-1F9BB7778586}.Release|Any CPU.ActiveCfg = Release|Any CPU
		{1531E3E2-D36F-478B-B47F-1F9BB7778586}.Release|Any CPU.Build.0 = Release|Any CPU
		{30F5AE61-31C1-4F10-8043-0A4FEE52136F}.Debug|Any CPU.ActiveCfg = Debug|Any CPU
		{30F5AE61-31C1-4F10-8043-0A4FEE52136F}.Debug|Any CPU.Build.0 = Debug|Any CPU
		{30F5AE61-31C1-4F10-8043-0A4FEE52136F}.Release|Any CPU.ActiveCfg = Release|Any CPU
		{30F5AE61-31C1-4F10-8043-0A4FEE52136F}.Release|Any CPU.Build.0 = Release|Any CPU
		{0A79D590-ED61-4C9D-B792-E8CA993BCD1D}.Debug|Any CPU.ActiveCfg = Debug|Any CPU
		{0A79D590-ED61-4C9D-B792-E8CA993BCD1D}.Debug|Any CPU.Build.0 = Debug|Any CPU
		{0A79D590-ED61-4C9D-B792-E8CA993BCD1D}.Release|Any CPU.ActiveCfg = Release|Any CPU
		{0A79D590-ED61-4C9D-B792-E8CA993BCD1D}.Release|Any CPU.Build.0 = Release|Any CPU
	EndGlobalSection
	GlobalSection(SolutionProperties) = preSolution
		HideSolutionNode = FALSE
	EndGlobalSection
	GlobalSection(NestedProjects) = preSolution
		{30F5AE61-31C1-4F10-8043-0A4FEE52136F} = {8B52FA37-F90E-4126-9FAD-F2F8BDB5CD55}
		{0A79D590-ED61-4C9D-B792-E8CA993BCD1D} = {8B52FA37-F90E-4126-9FAD-F2F8BDB5CD55}
	EndGlobalSection
	GlobalSection(ExtensibilityGlobals) = postSolution
		SolutionGuid = {FF9AB3DF-1A00-4650-8FF1-966D4DD198FB}
	EndGlobalSection
EndGlobal
